
Microsoft Visual Studio Solution File, Format Version 12.00
# Visual Studio Version 16
VisualStudioVersion = 16.0.29609.76
MinimumVisualStudioVersion = 10.0.40219.1
Project("{FAE04EC0-301F-11D3-BF4B-00C04F79EFBC}") = "MegaDesk", "MegaDesk\MegaDesk.csproj", "{68178909-47B5-45D3-BE87-DA4A781E7469}"
EndProject
Global
	GlobalSection(SolutionConfigurationPlatforms) = preSolution
		Debug|Any CPU = Debug|Any CPU
		Release|Any CPU = Release|Any CPU
	EndGlobalSection
	GlobalSection(ProjectConfigurationPlatforms) = postSolution
		{68178909-47B5-45D3-BE87-DA4A781E7469}.Debug|Any CPU.ActiveCfg = Debug|Any CPU
		{68178909-47B5-45D3-BE87-DA4A781E7469}.Debug|Any CPU.Build.0 = Debug|Any CPU
		{68178909-47B5-45D3-BE87-DA4A781E7469}.Release|Any CPU.ActiveCfg = Release|Any CPU
		{68178909-47B5-45D3-BE87-DA4A781E7469}.Release|Any CPU.Build.0 = Release|Any CPU
	EndGlobalSection
	GlobalSection(SolutionProperties) = preSolution
		HideSolutionNode = FALSE
	EndGlobalSection
	GlobalSection(ExtensibilityGlobals) = postSolution
		SolutionGuid = {77A9FBC9-34F9-45DF-95D7-661A9E73CF8F}
	EndGlobalSection
EndGlobal
